
Microsoft Visual Studio Solution File, Format Version 12.00
# Visual Studio Version 17
VisualStudioVersion = 17.3.32929.385
MinimumVisualStudioVersion = 10.0.40219.1
Project("{FAE04EC0-301F-11D3-BF4B-00C04F79EFBC}") = "Collatz_Conjecture_Test_v2", "Collatz_Conjecture_Test_v2\Collatz_Conjecture_Test_v2.csproj", "{F241AFE7-25BE-42D6-9ECA-0A431D9E5815}"
EndProject
Global
	GlobalSection(SolutionConfigurationPlatforms) = preSolution
		Debug|Any CPU = Debug|Any CPU
		Release|Any CPU = Release|Any CPU
	EndGlobalSection
	GlobalSection(ProjectConfigurationPlatforms) = postSolution
		{F241AFE7-25BE-42D6-9ECA-0A431D9E5815}.Debug|Any CPU.ActiveCfg = Debug|Any CPU
		{F241AFE7-25BE-42D6-9ECA-0A431D9E5815}.Debug|Any CPU.Build.0 = Debug|Any CPU
		{F241AFE7-25BE-42D6-9ECA-0A431D9E5815}.Release|Any CPU.ActiveCfg = Release|Any CPU
		{F241AFE7-25BE-42D6-9ECA-0A431D9E5815}.Release|Any CPU.Build.0 = Release|Any CPU
	EndGlobalSection
	GlobalSection(SolutionProperties) = preSolution
		HideSolutionNode = FALSE
	EndGlobalSection
	GlobalSection(ExtensibilityGlobals) = postSolution
		SolutionGuid = {6CBAC534-C5AD-48D8-8354-A9580EA26177}
	EndGlobalSection
EndGlobal
